
Microsoft Visual Studio Solution File, Format Version 12.00
# Visual Studio Version 17
VisualStudioVersion = 17.0.31717.71
MinimumVisualStudioVersion = 10.0.40219.1
Project("{9A19103F-16F7-4668-BE54-9A1E7A4F7556}") = "PokeTeamBuilder.BlazorServer", "PokeTeamBuilder.BlazorServer.csproj", "{617C1671-BD6C-4ACF-ABF0-C9A5510C4576}"
EndProject
Global
	GlobalSection(SolutionConfigurationPlatforms) = preSolution
		Debug|Any CPU = Debug|Any CPU
		Release|Any CPU = Release|Any CPU
	EndGlobalSection
	GlobalSection(ProjectConfigurationPlatforms) = postSolution
		{617C1671-BD6C-4ACF-ABF0-C9A5510C4576}.Debug|Any CPU.ActiveCfg = Debug|Any CPU
		{617C1671-BD6C-4ACF-ABF0-C9A5510C4576}.Debug|Any CPU.Build.0 = Debug|Any CPU
		{617C1671-BD6C-4ACF-ABF0-C9A5510C4576}.Release|Any CPU.ActiveCfg = Release|Any CPU
		{617C1671-BD6C-4ACF-ABF0-C9A5510C4576}.Release|Any CPU.Build.0 = Release|Any CPU
	EndGlobalSection
	GlobalSection(SolutionProperties) = preSolution
		HideSolutionNode = FALSE
	EndGlobalSection
	GlobalSection(ExtensibilityGlobals) = postSolution
		SolutionGuid = {3BB94862-49EB-4F65-BFBE-13DF66B70D47}
	EndGlobalSection
EndGlobal